{
  "name": "ai-agent",
  "version": "1.0.0",
  "lockfileVersion": 3,
  "requires": true,
  "packages": {
    "": {
      "name": "ai-agent",
      "version": "1.0.0",
      "license": "ISC",
      "dependencies": {
        "dotenv": "^17.1.0",
        "openai": "^5.8.3",
        "readline-sync": "^1.4.10"
      }
    },
    "node_modules/dotenv": {
      "version": "17.1.0",
      "resolved": "https://registry.npmjs.org/dotenv/-/dotenv-17.1.0.tgz",
      "integrity": "sha512-tG9VUTJTuju6GcXgbdsOuRhupE8cb4mRgY5JLRCh4MtGoVo3/gfGUtOMwmProM6d0ba2mCFvv+WrpYJV6qgJXQ==",
      "license": "BSD-2-Clause",
      "engines": {
        "node": ">=12"
      },
      "funding": {
        "url": "https://dotenvx.com"
      }
    },
    "node_modules/openai": {
      "version": "5.8.3",
      "resolved": "https://registry.npmjs.org/openai/-/openai-5.8.3.tgz",
      "integrity": "sha512-IdotKmquCnpouTRvF9xRXVhMx6K5Sc8zkD6Usf+so+NTQ+qiJ8bLSCd7LBb8b/Rof7uYltlSxJhNp+spphKI4Q==",
      "license": "Apache-2.0",
      "bin": {
        "openai": "bin/cli"
      },
      "peerDependencies": {
        "ws": "^8.18.0",
        "zod": "^3.23.8"
      },
      "peerDependenciesMeta": {
        "ws": {
          "optional": true
        },
        "zod": {
          "optional": true
        }
      }
    },
    "node_modules/readline-sync": {
      "version": "1.4.10",
      "resolved": "https://registry.npmjs.org/readline-sync/-/readline-sync-1.4.10.tgz",
      "integrity": "sha512-gNva8/6UAe8QYepIQH/jQ2qn91Qj0B9sYjMBBs3QOB8F2CXcKgLxQaJRP76sWVRQt+QU+8fAkCbCvjjMFu7Ycw==",
      "license": "MIT",
      "engines": {
        "node": ">= 0.8.0"
      }
    }
  }
}
